
Microsoft Visual Studio Solution File, Format Version 12.00
# Visual Studio Version 17
VisualStudioVersion = 17.2.32630.192
MinimumVisualStudioVersion = 10.0.40219.1
Project("{FAE04EC0-301F-11D3-BF4B-00C04F79EFBC}") = "Project", "Project\Project.csproj", "{27FE43D9-9478-4981-B6C9-A6CFCCE9E8BE}"
EndProject
Global
	GlobalSection(SolutionConfigurationPlatforms) = preSolution
		Debug|Any CPU = Debug|Any CPU
		Release|Any CPU = Release|Any CPU
	EndGlobalSection
	GlobalSection(ProjectConfigurationPlatforms) = postSolution
		{27FE43D9-9478-4981-B6C9-A6CFCCE9E8BE}.Debug|Any CPU.ActiveCfg = Debug|Any CPU
		{27FE43D9-9478-4981-B6C9-A6CFCCE9E8BE}.Debug|Any CPU.Build.0 = Debug|Any CPU
		{27FE43D9-9478-4981-B6C9-A6CFCCE9E8BE}.Release|Any CPU.ActiveCfg = Release|Any CPU
		{27FE43D9-9478-4981-B6C9-A6CFCCE9E8BE}.Release|Any CPU.Build.0 = Release|Any CPU
	EndGlobalSection
	GlobalSection(SolutionProperties) = preSolution
		HideSolutionNode = FALSE
	EndGlobalSection
	GlobalSection(ExtensibilityGlobals) = postSolution
		SolutionGuid = {B7D1D4B0-F245-464A-AB5D-22426F4A3B33}
	EndGlobalSection
EndGlobal
